# @generated - this file is auto-generated by `mise lock` https://mise.jdx.dev/dev-tools/mise-lock.html

[[tools."cargo-prebuilt:cargo-edit"]]
version = "0.13.11"
backend = "cargo-prebuilt"

[[tools."cargo:aviutl2-cli"]]
version = "0.8.3"
backend = "cargo:aviutl2-cli"

[[tools."github:EmbarkStudios/cargo-about"]]
version = "0.9.0"
backend = "github:EmbarkStudios/cargo-about"

[tools."github:EmbarkStudios/cargo-about"."platforms.linux-arm64"]
checksum = "sha256:46b202700ea136066cdaca38180da9ab4e7d7534b3418546de858ae0aee4a1cb"
url = "https://github.com/EmbarkStudios/cargo-about/releases/download/0.9.0/cargo-about-0.9.0-aarch64-unknown-linux-musl.tar.gz"
url_api = "https://api.github.com/repos/EmbarkStudios/cargo-about/releases/assets/404479807"

[tools."github:EmbarkStudios/cargo-about"."platforms.linux-arm64-musl"]
checksum = "sha256:46b202700ea136066cdaca38180da9ab4e7d7534b3418546de858ae0aee4a1cb"
url = "https://github.com/EmbarkStudios/cargo-about/releases/download/0.9.0/cargo-about-0.9.0-aarch64-unknown-linux-musl.tar.gz"
url_api = "https://api.github.com/repos/EmbarkStudios/cargo-about/releases/assets/404479807"

[tools."github:EmbarkStudios/cargo-about"."platforms.linux-x64"]
checksum = "sha256:7a1a1bfb3ae3b6feabe9e1d6147a6b34b85bd0339bfd8b0ec11b312dee10d99a"
url = "https://github.com/EmbarkStudios/cargo-about/releases/download/0.9.0/cargo-about-0.9.0-x86_64-unknown-linux-musl.tar.gz"
url_api = "https://api.github.com/repos/EmbarkStudios/cargo-about/releases/assets/404479739"

[tools."github:EmbarkStudios/cargo-about"."platforms.linux-x64-musl"]
checksum = "sha256:7a1a1bfb3ae3b6feabe9e1d6147a6b34b85bd0339bfd8b0ec11b312dee10d99a"
url = "https://github.com/EmbarkStudios/cargo-about/releases/download/0.9.0/cargo-about-0.9.0-x86_64-unknown-linux-musl.tar.gz"
url_api = "https://api.github.com/repos/EmbarkStudios/cargo-about/releases/assets/404479739"

[tools."github:EmbarkStudios/cargo-about"."platforms.macos-arm64"]
checksum = "sha256:4e1cfc5d58b733f6def1741fc888b435cdb2996da5c2c4547ed36cba191667f6"
url = "https://github.com/EmbarkStudios/cargo-about/releases/download/0.9.0/cargo-about-0.9.0-aarch64-apple-darwin.tar.gz"
url_api = "https://api.github.com/repos/EmbarkStudios/cargo-about/releases/assets/404479394"

[tools."github:EmbarkStudios/cargo-about"."platforms.windows-x64"]
checksum = "sha256:87daca52ad79980b42b2de6acdec84e143be41e2d4bbebedba0d0c90c49b055a"
url = "https://github.com/EmbarkStudios/cargo-about/releases/download/0.9.0/cargo-about-0.9.0-x86_64-pc-windows-msvc.tar.gz"
url_api = "https://api.github.com/repos/EmbarkStudios/cargo-about/releases/assets/404481100"

[[tools.ruby]]
version = "4.0.5"
backend = "core:ruby"

[tools.ruby."platforms.linux-arm64"]
checksum = "sha256:fa8d337b2e97149f17d609cec5e6e5907f032390ad24bc3095f66157ce2eddf1"
url = "https://github.com/jdx/ruby/releases/download/4.0.5-1/ruby-4.0.5.arm64_linux.tar.gz"
provenance = "github-attestations"

[tools.ruby."platforms.linux-arm64-musl"]
checksum = "sha256:fa8d337b2e97149f17d609cec5e6e5907f032390ad24bc3095f66157ce2eddf1"
url = "https://github.com/jdx/ruby/releases/download/4.0.5-1/ruby-4.0.5.arm64_linux.tar.gz"
provenance = "github-attestations"

[tools.ruby."platforms.linux-x64"]
checksum = "sha256:831f0e8bdc423156065d7965116f8d5c5fac943aff9128342094e2d745bd2051"
url = "https://github.com/jdx/ruby/releases/download/4.0.5-1/ruby-4.0.5.x86_64_linux.tar.gz"
provenance = "github-attestations"

[tools.ruby."platforms.linux-x64-musl"]
checksum = "sha256:831f0e8bdc423156065d7965116f8d5c5fac943aff9128342094e2d745bd2051"
url = "https://github.com/jdx/ruby/releases/download/4.0.5-1/ruby-4.0.5.x86_64_linux.tar.gz"
provenance = "github-attestations"

[tools.ruby."platforms.macos-arm64"]
checksum = "sha256:cc07d78e61eef4a0d04fce62bce56b6822b261dbed30bad306f6bc7f9ca7085d"
url = "https://github.com/jdx/ruby/releases/download/4.0.5-1/ruby-4.0.5.macos.tar.gz"
provenance = "github-attestations"

[tools.ruby."platforms.macos-x64"]
checksum = "sha256:7d6149079a63f8ae1d326c9fa65c6019ba2dc3155eae7b39159817911c88958e"
url = "https://cache.ruby-lang.org/pub/ruby/4.0/ruby-4.0.5.tar.gz"

[tools.ruby."platforms.windows-x64"]
checksum = "sha256:74e31613fc71e6e23431dfc4d8b6ec2818a4dc1fd16e0983b074144c16719c8b"
url = "https://github.com/oneclick/rubyinstaller2/releases/download/RubyInstaller-4.0.5-1/rubyinstaller-4.0.5-1-x64.7z"

[[tools.rust]]
version = "1.92.0"
backend = "core:rust"
