# @generated - this file is auto-generated by `mise lock` https://mise.jdx.dev/dev-tools/mise-lock.html

[[tools."cargo-prebuilt:cargo-edit"]]
version = "0.13.10"
backend = "cargo-prebuilt"

[[tools."cargo:aviutl2-cli"]]
version = "0.8.2"
backend = "cargo:aviutl2-cli"

[[tools."github:EmbarkStudios/cargo-about"]]
version = "0.8.4"
backend = "github:EmbarkStudios/cargo-about"

[tools."github:EmbarkStudios/cargo-about"."platforms.linux-arm64"]
checksum = "sha256:33e0d54c0366308095fdb9101642d281b224131299e1c62001f43aa02bb3573e"
url = "https://github.com/EmbarkStudios/cargo-about/releases/download/0.8.4/cargo-about-0.8.4-aarch64-unknown-linux-musl.tar.gz"
url_api = "https://api.github.com/repos/EmbarkStudios/cargo-about/releases/assets/324268870"

[tools."github:EmbarkStudios/cargo-about"."platforms.linux-arm64-musl"]
checksum = "sha256:33e0d54c0366308095fdb9101642d281b224131299e1c62001f43aa02bb3573e"
url = "https://github.com/EmbarkStudios/cargo-about/releases/download/0.8.4/cargo-about-0.8.4-aarch64-unknown-linux-musl.tar.gz"
url_api = "https://api.github.com/repos/EmbarkStudios/cargo-about/releases/assets/324268870"

[tools."github:EmbarkStudios/cargo-about"."platforms.linux-x64"]
checksum = "sha256:c7381aa0cdc41fc0ee662cec8daa260da7817ad8ddea04cd4ddad425460adf14"
url = "https://github.com/EmbarkStudios/cargo-about/releases/download/0.8.4/cargo-about-0.8.4-x86_64-unknown-linux-musl.tar.gz"
url_api = "https://api.github.com/repos/EmbarkStudios/cargo-about/releases/assets/324268787"

[tools."github:EmbarkStudios/cargo-about"."platforms.linux-x64-musl"]
checksum = "sha256:c7381aa0cdc41fc0ee662cec8daa260da7817ad8ddea04cd4ddad425460adf14"
url = "https://github.com/EmbarkStudios/cargo-about/releases/download/0.8.4/cargo-about-0.8.4-x86_64-unknown-linux-musl.tar.gz"
url_api = "https://api.github.com/repos/EmbarkStudios/cargo-about/releases/assets/324268787"

[tools."github:EmbarkStudios/cargo-about"."platforms.macos-arm64"]
checksum = "sha256:d5255ead3ac861a11c785bf19d4f70f16e59ac8b9519c312da61213d3d57351d"
url = "https://github.com/EmbarkStudios/cargo-about/releases/download/0.8.4/cargo-about-0.8.4-aarch64-apple-darwin.tar.gz"
url_api = "https://api.github.com/repos/EmbarkStudios/cargo-about/releases/assets/324268695"

[tools."github:EmbarkStudios/cargo-about"."platforms.macos-x64"]
checksum = "sha256:e918d49c481f43eb17da92c406839d5c01d480261d8026a017f3d23706009d0d"
url = "https://github.com/EmbarkStudios/cargo-about/releases/download/0.8.4/cargo-about-0.8.4-x86_64-apple-darwin.tar.gz"
url_api = "https://api.github.com/repos/EmbarkStudios/cargo-about/releases/assets/324269953"

[tools."github:EmbarkStudios/cargo-about"."platforms.windows-x64"]
checksum = "sha256:d5c38fb914bbad57c6a7d58c4847315bc3fe11efbe4fb51b3c515f997a56ceb7"
url = "https://github.com/EmbarkStudios/cargo-about/releases/download/0.8.4/cargo-about-0.8.4-x86_64-pc-windows-msvc.tar.gz"
url_api = "https://api.github.com/repos/EmbarkStudios/cargo-about/releases/assets/324269449"

[[tools.ruby]]
version = "4.0.2"
backend = "core:ruby"

[tools.ruby."platforms.windows-x64"]
checksum = "blake3:0c16c762de833da3e8388dbb01cc59f92230c88a9e130309988d4b0fb12d969d"

[[tools.rust]]
version = "1.92.0"
backend = "core:rust"
